
Microsoft Visual Studio Solution File, Format Version 12.00
# Visual Studio Version 17
VisualStudioVersion = 17.5.33627.172
MinimumVisualStudioVersion = 10.0.40219.1
Project("{9A19103F-16F7-4668-BE54-9A1E7A4F7556}") = "WinForm", "WinForm\WinForm.csproj", "{CD925F01-3176-4226-9030-10DE7E9283F3}"
EndProject
Project("{9A19103F-16F7-4668-BE54-9A1E7A4F7556}") = "DataManipulation", "DataManipulation\DataManipulation.csproj", "{B7653ECF-91C3-4891-BE69-02E08AA9ADEE}"
EndProject
Project("{9A19103F-16F7-4668-BE54-9A1E7A4F7556}") = "Service", "Service\Service.csproj", "{1DDEAC76-D880-41DC-9C6D-706E49292675}"
EndProject
Project("{FAE04EC0-301F-11D3-BF4B-00C04F79EFBC}") = "WebApp", "WebApp\WebApp.csproj", "{DF33E1B0-A497-4291-9C48-21E60F4D84BF}"
EndProject
Global
	GlobalSection(SolutionConfigurationPlatforms) = preSolution
		Debug|Any CPU = Debug|Any CPU
		Release|Any CPU = Release|Any CPU
	EndGlobalSection
	GlobalSection(ProjectConfigurationPlatforms) = postSolution
		{CD925F01-3176-4226-9030-10DE7E9283F3}.Debug|Any CPU.ActiveCfg = Debug|Any CPU
		{CD925F01-3176-4226-9030-10DE7E9283F3}.Debug|Any CPU.Build.0 = Debug|Any CPU
		{CD925F01-3176-4226-9030-10DE7E9283F3}.Release|Any CPU.ActiveCfg = Release|Any CPU
		{CD925F01-3176-4226-9030-10DE7E9283F3}.Release|Any CPU.Build.0 = Release|Any CPU
		{B7653ECF-91C3-4891-BE69-02E08AA9ADEE}.Debug|Any CPU.ActiveCfg = Debug|Any CPU
		{B7653ECF-91C3-4891-BE69-02E08AA9ADEE}.Debug|Any CPU.Build.0 = Debug|Any CPU
		{B7653ECF-91C3-4891-BE69-02E08AA9ADEE}.Release|Any CPU.ActiveCfg = Release|Any CPU
		{B7653ECF-91C3-4891-BE69-02E08AA9ADEE}.Release|Any CPU.Build.0 = Release|Any CPU
		{1DDEAC76-D880-41DC-9C6D-706E49292675}.Debug|Any CPU.ActiveCfg = Debug|Any CPU
		{1DDEAC76-D880-41DC-9C6D-706E49292675}.Debug|Any CPU.Build.0 = Debug|Any CPU
		{1DDEAC76-D880-41DC-9C6D-706E49292675}.Release|Any CPU.ActiveCfg = Release|Any CPU
		{1DDEAC76-D880-41DC-9C6D-706E49292675}.Release|Any CPU.Build.0 = Release|Any CPU
		{DF33E1B0-A497-4291-9C48-21E60F4D84BF}.Debug|Any CPU.ActiveCfg = Debug|Any CPU
		{DF33E1B0-A497-4291-9C48-21E60F4D84BF}.Debug|Any CPU.Build.0 = Debug|Any CPU
		{DF33E1B0-A497-4291-9C48-21E60F4D84BF}.Release|Any CPU.ActiveCfg = Release|Any CPU
		{DF33E1B0-A497-4291-9C48-21E60F4D84BF}.Release|Any CPU.Build.0 = Release|Any CPU
	EndGlobalSection
	GlobalSection(SolutionProperties) = preSolution
		HideSolutionNode = FALSE
	EndGlobalSection
	GlobalSection(ExtensibilityGlobals) = postSolution
		SolutionGuid = {B80701A5-E831-4380-BE9C-5F8303AC1AC4}
	EndGlobalSection
EndGlobal
